
Microsoft Visual Studio Solution File, Format Version 12.00
# Visual Studio Version 17
VisualStudioVersion = 17.5.33516.290
MinimumVisualStudioVersion = 10.0.40219.1
Project("{FAE04EC0-301F-11D3-BF4B-00C04F79EFBC}") = "IntegrationFrontEnd", "IntegrationFrontEnd\IntegrationFrontEnd.csproj", "{AAED4257-F2EF-4D3B-9DA5-44CC57C7D480}"
EndProject
Global
	GlobalSection(SolutionConfigurationPlatforms) = preSolution
		Debug|Any CPU = Debug|Any CPU
		Release|Any CPU = Release|Any CPU
	EndGlobalSection
	GlobalSection(ProjectConfigurationPlatforms) = postSolution
		{AAED4257-F2EF-4D3B-9DA5-44CC57C7D480}.Debug|Any CPU.ActiveCfg = Debug|Any CPU
		{AAED4257-F2EF-4D3B-9DA5-44CC57C7D480}.Debug|Any CPU.Build.0 = Debug|Any CPU
		{AAED4257-F2EF-4D3B-9DA5-44CC57C7D480}.Release|Any CPU.ActiveCfg = Release|Any CPU
		{AAED4257-F2EF-4D3B-9DA5-44CC57C7D480}.Release|Any CPU.Build.0 = Release|Any CPU
	EndGlobalSection
	GlobalSection(SolutionProperties) = preSolution
		HideSolutionNode = FALSE
	EndGlobalSection
	GlobalSection(ExtensibilityGlobals) = postSolution
		SolutionGuid = {BFAC7F37-E4DF-4BCB-9811-AA7007E3087E}
	EndGlobalSection
EndGlobal
